
Microsoft Visual Studio Solution File, Format Version 12.00
# Visual Studio Version 17
VisualStudioVersion = 17.0.31903.59
MinimumVisualStudioVersion = 10.0.40219.1
Project("{FAE04EC0-301F-11D3-BF4B-00C04F79EFBC}") = "NeoTreeDotNetExample.Console", "NeoTreeDotNetExample.Console\NeoTreeDotNetExample.Console.csproj", "{C333DCC3-2F75-4F9B-B2BB-C6B3577C5188}"
EndProject
Project("{2150E333-8FDC-42A3-9474-1A3956D46DE8}") = "Shared", "Shared", "{1927BB32-5FEA-4C61-919F-96703A4B5BA3}"
EndProject
Project("{FAE04EC0-301F-11D3-BF4B-00C04F79EFBC}") = "NeoTreeDotNetExample.Common", "Shared\NeoTreeDotNetExample.Common\NeoTreeDotNetExample.Common.csproj", "{F8BB0277-B2CE-4CFF-821A-4321153E907C}"
EndProject
Global
	GlobalSection(SolutionConfigurationPlatforms) = preSolution
		Debug|Any CPU = Debug|Any CPU
		Release|Any CPU = Release|Any CPU
	EndGlobalSection
	GlobalSection(SolutionProperties) = preSolution
		HideSolutionNode = FALSE
	EndGlobalSection
	GlobalSection(ProjectConfigurationPlatforms) = postSolution
		{C333DCC3-2F75-4F9B-B2BB-C6B3577C5188}.Debug|Any CPU.ActiveCfg = Debug|Any CPU
		{C333DCC3-2F75-4F9B-B2BB-C6B3577C5188}.Debug|Any CPU.Build.0 = Debug|Any CPU
		{C333DCC3-2F75-4F9B-B2BB-C6B3577C5188}.Release|Any CPU.ActiveCfg = Release|Any CPU
		{C333DCC3-2F75-4F9B-B2BB-C6B3577C5188}.Release|Any CPU.Build.0 = Release|Any CPU
		{F8BB0277-B2CE-4CFF-821A-4321153E907C}.Debug|Any CPU.ActiveCfg = Debug|Any CPU
		{F8BB0277-B2CE-4CFF-821A-4321153E907C}.Debug|Any CPU.Build.0 = Debug|Any CPU
		{F8BB0277-B2CE-4CFF-821A-4321153E907C}.Release|Any CPU.ActiveCfg = Release|Any CPU
		{F8BB0277-B2CE-4CFF-821A-4321153E907C}.Release|Any CPU.Build.0 = Release|Any CPU
	EndGlobalSection
	GlobalSection(NestedProjects) = preSolution
		{F8BB0277-B2CE-4CFF-821A-4321153E907C} = {1927BB32-5FEA-4C61-919F-96703A4B5BA3}
	EndGlobalSection
EndGlobal
